
Microsoft Visual Studio Solution File, Format Version 12.00
# Visual Studio Version 16
VisualStudioVersion = 16.0.28922.388
MinimumVisualStudioVersion = 10.0.40219.1
Project("{FAE04EC0-301F-11D3-BF4B-00C04F79EFBC}") = "ImageTrainer", "ImageTrainer.csproj", "{C66D5418-FF94-4BE4-80B9-2305CC4B4016}"
EndProject
Global
	GlobalSection(SolutionConfigurationPlatforms) = preSolution
		Debug|Any CPU = Debug|Any CPU
		Release|Any CPU = Release|Any CPU
	EndGlobalSection
	GlobalSection(ProjectConfigurationPlatforms) = postSolution
		{C66D5418-FF94-4BE4-80B9-2305CC4B4016}.Debug|Any CPU.ActiveCfg = Debug|Any CPU
		{C66D5418-FF94-4BE4-80B9-2305CC4B4016}.Debug|Any CPU.Build.0 = Debug|Any CPU
		{C66D5418-FF94-4BE4-80B9-2305CC4B4016}.Release|Any CPU.ActiveCfg = Release|Any CPU
		{C66D5418-FF94-4BE4-80B9-2305CC4B4016}.Release|Any CPU.Build.0 = Release|Any CPU
	EndGlobalSection
	GlobalSection(SolutionProperties) = preSolution
		HideSolutionNode = FALSE
	EndGlobalSection
	GlobalSection(ExtensibilityGlobals) = postSolution
		SolutionGuid = {CD31FE23-CCD8-467A-8591-C9B13EEA8E54}
	EndGlobalSection
EndGlobal
